
Microsoft Visual Studio Solution File, Format Version 12.00
# Visual Studio Version 17
VisualStudioVersion = 17.13.35825.156 d17.13
MinimumVisualStudioVersion = 10.0.40219.1
Project("{FAE04EC0-301F-11D3-BF4B-00C04F79EFBC}") = "PrelineMvcSample", "PrelineMvcSample\PrelineMvcSample.csproj", "{1C22E4C6-897E-483E-8FD7-83AA8C65E114}"
EndProject
Global
	GlobalSection(SolutionConfigurationPlatforms) = preSolution
		Debug|Any CPU = Debug|Any CPU
		Release|Any CPU = Release|Any CPU
	EndGlobalSection
	GlobalSection(ProjectConfigurationPlatforms) = postSolution
		{1C22E4C6-897E-483E-8FD7-83AA8C65E114}.Debug|Any CPU.ActiveCfg = Debug|Any CPU
		{1C22E4C6-897E-483E-8FD7-83AA8C65E114}.Debug|Any CPU.Build.0 = Debug|Any CPU
		{1C22E4C6-897E-483E-8FD7-83AA8C65E114}.Release|Any CPU.ActiveCfg = Release|Any CPU
		{1C22E4C6-897E-483E-8FD7-83AA8C65E114}.Release|Any CPU.Build.0 = Release|Any CPU
	EndGlobalSection
	GlobalSection(SolutionProperties) = preSolution
		HideSolutionNode = FALSE
	EndGlobalSection
	GlobalSection(ExtensibilityGlobals) = postSolution
		SolutionGuid = {C0C7DBF0-4B44-4A69-9519-1573F5A87651}
	EndGlobalSection
EndGlobal
